
Microsoft Visual Studio Solution File, Format Version 12.00
# Visual Studio 14
VisualStudioVersion = 14.0.25420.1
MinimumVisualStudioVersion = 10.0.40219.1
Project("{F184B08F-C81C-45F6-A57F-5ABD9991F28F}") = "mainrulesolver", "evalStudWork\mainrulesolver.vbproj", "{83C239E4-8417-41F1-A78F-25EA006807D9}"
EndProject
Project("{F184B08F-C81C-45F6-A57F-5ABD9991F28F}") = "swpsd-exportToXML", "swpsd\swpsd-exportToXML.vbproj", "{6469D8E2-7D09-4ABC-BB7C-B12990FD5BFE}"
EndProject
Project("{F184B08F-C81C-45F6-A57F-5ABD9991F28F}") = "TestForm-exportxml", "TestForm-swpsd\TestForm-exportxml.vbproj", "{9256B1C6-19F0-4866-A0C8-DD0B5E23A24F}"
EndProject
Project("{F184B08F-C81C-45F6-A57F-5ABD9991F28F}") = "TestForm-evalStudWork", "TestForm-evalStudWork\TestForm-evalStudWork.vbproj", "{75EF9BF5-DEBF-403E-9968-BC97EC074276}"
EndProject
Project("{FAE04EC0-301F-11D3-BF4B-00C04F79EFBC}") = "PdfSharp", "PdfSharp\PdfSharp.csproj", "{5A6055BC-BF86-4FDD-9F62-0109DB7A303B}"
EndProject
Project("{F184B08F-C81C-45F6-A57F-5ABD9991F28F}") = "SwVBAddin-studEval", "SwVBAddin-studEval\SwVBAddin-studEval.vbproj", "{15FF55BE-F106-4038-8068-C1B80EB06EF2}"
EndProject
Global
	GlobalSection(SolutionConfigurationPlatforms) = preSolution
		Debug|Any CPU = Debug|Any CPU
		Debug|ARM = Debug|ARM
		Debug|x64 = Debug|x64
		Debug|x86 = Debug|x86
		Release|Any CPU = Release|Any CPU
		Release|ARM = Release|ARM
		Release|x64 = Release|x64
		Release|x86 = Release|x86
	EndGlobalSection
	GlobalSection(ProjectConfigurationPlatforms) = postSolution
		{83C239E4-8417-41F1-A78F-25EA006807D9}.Debug|Any CPU.ActiveCfg = Debug|Any CPU
		{83C239E4-8417-41F1-A78F-25EA006807D9}.Debug|Any CPU.Build.0 = Debug|Any CPU
		{83C239E4-8417-41F1-A78F-25EA006807D9}.Debug|ARM.ActiveCfg = Debug|Any CPU
		{83C239E4-8417-41F1-A78F-25EA006807D9}.Debug|ARM.Build.0 = Debug|Any CPU
		{83C239E4-8417-41F1-A78F-25EA006807D9}.Debug|x64.ActiveCfg = Debug|Any CPU
		{83C239E4-8417-41F1-A78F-25EA006807D9}.Debug|x64.Build.0 = Debug|Any CPU
		{83C239E4-8417-41F1-A78F-25EA006807D9}.Debug|x86.ActiveCfg = Debug|Any CPU
		{83C239E4-8417-41F1-A78F-25EA006807D9}.Debug|x86.Build.0 = Debug|Any CPU
		{83C239E4-8417-41F1-A78F-25EA006807D9}.Release|Any CPU.ActiveCfg = Release|Any CPU
		{83C239E4-8417-41F1-A78F-25EA006807D9}.Release|Any CPU.Build.0 = Release|Any CPU
		{83C239E4-8417-41F1-A78F-25EA006807D9}.Release|ARM.ActiveCfg = Release|Any CPU
		{83C239E4-8417-41F1-A78F-25EA006807D9}.Release|ARM.Build.0 = Release|Any CPU
		{83C239E4-8417-41F1-A78F-25EA006807D9}.Release|x64.ActiveCfg = Release|Any CPU
		{83C239E4-8417-41F1-A78F-25EA006807D9}.Release|x64.Build.0 = Release|Any CPU
		{83C239E4-8417-41F1-A78F-25EA006807D9}.Release|x86.ActiveCfg = Release|Any CPU
		{83C239E4-8417-41F1-A78F-25EA006807D9}.Release|x86.Build.0 = Release|Any CPU
		{6469D8E2-7D09-4ABC-BB7C-B12990FD5BFE}.Debug|Any CPU.ActiveCfg = Debug|Any CPU
		{6469D8E2-7D09-4ABC-BB7C-B12990FD5BFE}.Debug|Any CPU.Build.0 = Debug|Any CPU
		{6469D8E2-7D09-4ABC-BB7C-B12990FD5BFE}.Debug|ARM.ActiveCfg = Debug|Any CPU
		{6469D8E2-7D09-4ABC-BB7C-B12990FD5BFE}.Debug|ARM.Build.0 = Debug|Any CPU
		{6469D8E2-7D09-4ABC-BB7C-B12990FD5BFE}.Debug|x64.ActiveCfg = Debug|Any CPU
		{6469D8E2-7D09-4ABC-BB7C-B12990FD5BFE}.Debug|x64.Build.0 = Debug|Any CPU
		{6469D8E2-7D09-4ABC-BB7C-B12990FD5BFE}.Debug|x86.ActiveCfg = Debug|Any CPU
		{6469D8E2-7D09-4ABC-BB7C-B12990FD5BFE}.Debug|x86.Build.0 = Debug|Any CPU
		{6469D8E2-7D09-4ABC-BB7C-B12990FD5BFE}.Release|Any CPU.ActiveCfg = Release|Any CPU
		{6469D8E2-7D09-4ABC-BB7C-B12990FD5BFE}.Release|Any CPU.Build.0 = Release|Any CPU
		{6469D8E2-7D09-4ABC-BB7C-B12990FD5BFE}.Release|ARM.ActiveCfg = Release|Any CPU
		{6469D8E2-7D09-4ABC-BB7C-B12990FD5BFE}.Release|ARM.Build.0 = Release|Any CPU
		{6469D8E2-7D09-4ABC-BB7C-B12990FD5BFE}.Release|x64.ActiveCfg = Release|Any CPU
		{6469D8E2-7D09-4ABC-BB7C-B12990FD5BFE}.Release|x64.Build.0 = Release|Any CPU
		{6469D8E2-7D09-4ABC-BB7C-B12990FD5BFE}.Release|x86.ActiveCfg = Release|Any CPU
		{6469D8E2-7D09-4ABC-BB7C-B12990FD5BFE}.Release|x86.Build.0 = Release|Any CPU
		{9256B1C6-19F0-4866-A0C8-DD0B5E23A24F}.Debug|Any CPU.ActiveCfg = Debug|Any CPU
		{9256B1C6-19F0-4866-A0C8-DD0B5E23A24F}.Debug|Any CPU.Build.0 = Debug|Any CPU
		{9256B1C6-19F0-4866-A0C8-DD0B5E23A24F}.Debug|ARM.ActiveCfg = Debug|Any CPU
		{9256B1C6-19F0-4866-A0C8-DD0B5E23A24F}.Debug|ARM.Build.0 = Debug|Any CPU
		{9256B1C6-19F0-4866-A0C8-DD0B5E23A24F}.Debug|x64.ActiveCfg = Debug|Any CPU
		{9256B1C6-19F0-4866-A0C8-DD0B5E23A24F}.Debug|x64.Build.0 = Debug|Any CPU
		{9256B1C6-19F0-4866-A0C8-DD0B5E23A24F}.Debug|x86.ActiveCfg = Debug|Any CPU
		{9256B1C6-19F0-4866-A0C8-DD0B5E23A24F}.Debug|x86.Build.0 = Debug|Any CPU
		{9256B1C6-19F0-4866-A0C8-DD0B5E23A24F}.Release|Any CPU.ActiveCfg = Release|Any CPU
		{9256B1C6-19F0-4866-A0C8-DD0B5E23A24F}.Release|Any CPU.Build.0 = Release|Any CPU
		{9256B1C6-19F0-4866-A0C8-DD0B5E23A24F}.Release|ARM.ActiveCfg = Release|Any CPU
		{9256B1C6-19F0-4866-A0C8-DD0B5E23A24F}.Release|ARM.Build.0 = Release|Any CPU
		{9256B1C6-19F0-4866-A0C8-DD0B5E23A24F}.Release|x64.ActiveCfg = Release|Any CPU
		{9256B1C6-19F0-4866-A0C8-DD0B5E23A24F}.Release|x64.Build.0 = Release|Any CPU
		{9256B1C6-19F0-4866-A0C8-DD0B5E23A24F}.Release|x86.ActiveCfg = Release|Any CPU
		{9256B1C6-19F0-4866-A0C8-DD0B5E23A24F}.Release|x86.Build.0 = Release|Any CPU
		{75EF9BF5-DEBF-403E-9968-BC97EC074276}.Debug|Any CPU.ActiveCfg = Debug|Any CPU
		{75EF9BF5-DEBF-403E-9968-BC97EC074276}.Debug|Any CPU.Build.0 = Debug|Any CPU
		{75EF9BF5-DEBF-403E-9968-BC97EC074276}.Debug|ARM.ActiveCfg = Debug|Any CPU
		{75EF9BF5-DEBF-403E-9968-BC97EC074276}.Debug|ARM.Build.0 = Debug|Any CPU
		{75EF9BF5-DEBF-403E-9968-BC97EC074276}.Debug|x64.ActiveCfg = Debug|Any CPU
		{75EF9BF5-DEBF-403E-9968-BC97EC074276}.Debug|x64.Build.0 = Debug|Any CPU
		{75EF9BF5-DEBF-403E-9968-BC97EC074276}.Debug|x86.ActiveCfg = Debug|Any CPU
		{75EF9BF5-DEBF-403E-9968-BC97EC074276}.Debug|x86.Build.0 = Debug|Any CPU
		{75EF9BF5-DEBF-403E-9968-BC97EC074276}.Release|Any CPU.ActiveCfg = Release|Any CPU
		{75EF9BF5-DEBF-403E-9968-BC97EC074276}.Release|Any CPU.Build.0 = Release|Any CPU
		{75EF9BF5-DEBF-403E-9968-BC97EC074276}.Release|ARM.ActiveCfg = Release|Any CPU
		{75EF9BF5-DEBF-403E-9968-BC97EC074276}.Release|ARM.Build.0 = Release|Any CPU
		{75EF9BF5-DEBF-403E-9968-BC97EC074276}.Release|x64.ActiveCfg = Release|Any CPU
		{75EF9BF5-DEBF-403E-9968-BC97EC074276}.Release|x64.Build.0 = Release|Any CPU
		{75EF9BF5-DEBF-403E-9968-BC97EC074276}.Release|x86.ActiveCfg = Release|Any CPU
		{75EF9BF5-DEBF-403E-9968-BC97EC074276}.Release|x86.Build.0 = Release|Any CPU
		{5A6055BC-BF86-4FDD-9F62-0109DB7A303B}.Debug|Any CPU.ActiveCfg = Debug|Any CPU
		{5A6055BC-BF86-4FDD-9F62-0109DB7A303B}.Debug|Any CPU.Build.0 = Debug|Any CPU
		{5A6055BC-BF86-4FDD-9F62-0109DB7A303B}.Debug|ARM.ActiveCfg = Debug|Any CPU
		{5A6055BC-BF86-4FDD-9F62-0109DB7A303B}.Debug|ARM.Build.0 = Debug|Any CPU
		{5A6055BC-BF86-4FDD-9F62-0109DB7A303B}.Debug|x64.ActiveCfg = Debug|Any CPU
		{5A6055BC-BF86-4FDD-9F62-0109DB7A303B}.Debug|x64.Build.0 = Debug|Any CPU
		{5A6055BC-BF86-4FDD-9F62-0109DB7A303B}.Debug|x86.ActiveCfg = Debug|Any CPU
		{5A6055BC-BF86-4FDD-9F62-0109DB7A303B}.Debug|x86.Build.0 = Debug|Any CPU
		{5A6055BC-BF86-4FDD-9F62-0109DB7A303B}.Release|Any CPU.ActiveCfg = Release|Any CPU
		{5A6055BC-BF86-4FDD-9F62-0109DB7A303B}.Release|Any CPU.Build.0 = Release|Any CPU
		{5A6055BC-BF86-4FDD-9F62-0109DB7A303B}.Release|ARM.ActiveCfg = Release|Any CPU
		{5A6055BC-BF86-4FDD-9F62-0109DB7A303B}.Release|ARM.Build.0 = Release|Any CPU
		{5A6055BC-BF86-4FDD-9F62-0109DB7A303B}.Release|x64.ActiveCfg = Release|Any CPU
		{5A6055BC-BF86-4FDD-9F62-0109DB7A303B}.Release|x64.Build.0 = Release|Any CPU
		{5A6055BC-BF86-4FDD-9F62-0109DB7A303B}.Release|x86.ActiveCfg = Release|Any CPU
		{5A6055BC-BF86-4FDD-9F62-0109DB7A303B}.Release|x86.Build.0 = Release|Any CPU
		{15FF55BE-F106-4038-8068-C1B80EB06EF2}.Debug|Any CPU.ActiveCfg = Debug|Any CPU
		{15FF55BE-F106-4038-8068-C1B80EB06EF2}.Debug|Any CPU.Build.0 = Debug|Any CPU
		{15FF55BE-F106-4038-8068-C1B80EB06EF2}.Debug|ARM.ActiveCfg = Debug|Any CPU
		{15FF55BE-F106-4038-8068-C1B80EB06EF2}.Debug|ARM.Build.0 = Debug|Any CPU
		{15FF55BE-F106-4038-8068-C1B80EB06EF2}.Debug|x64.ActiveCfg = Debug|Any CPU
		{15FF55BE-F106-4038-8068-C1B80EB06EF2}.Debug|x64.Build.0 = Debug|Any CPU
		{15FF55BE-F106-4038-8068-C1B80EB06EF2}.Debug|x86.ActiveCfg = Debug|Any CPU
		{15FF55BE-F106-4038-8068-C1B80EB06EF2}.Debug|x86.Build.0 = Debug|Any CPU
		{15FF55BE-F106-4038-8068-C1B80EB06EF2}.Release|Any CPU.ActiveCfg = Release|Any CPU
		{15FF55BE-F106-4038-8068-C1B80EB06EF2}.Release|Any CPU.Build.0 = Release|Any CPU
		{15FF55BE-F106-4038-8068-C1B80EB06EF2}.Release|ARM.ActiveCfg = Release|Any CPU
		{15FF55BE-F106-4038-8068-C1B80EB06EF2}.Release|ARM.Build.0 = Release|Any CPU
		{15FF55BE-F106-4038-8068-C1B80EB06EF2}.Release|x64.ActiveCfg = Release|Any CPU
		{15FF55BE-F106-4038-8068-C1B80EB06EF2}.Release|x64.Build.0 = Release|Any CPU
		{15FF55BE-F106-4038-8068-C1B80EB06EF2}.Release|x86.ActiveCfg = Release|Any CPU
		{15FF55BE-F106-4038-8068-C1B80EB06EF2}.Release|x86.Build.0 = Release|Any CPU
	EndGlobalSection
	GlobalSection(SolutionProperties) = preSolution
		HideSolutionNode = FALSE
	EndGlobalSection
EndGlobal
